{
  "version": 4,
  "terraform_version": "1.7.1",
  "serial": 5,
  "lineage": "7817effa-3023-a3d7-c672-683afdb19942",
  "outputs": {},
  "resources": [
    {
      "mode": "managed",
      "type": "google_container_cluster",
      "name": "primary",
      "provider": "provider[\"registry.terraform.io/hashicorp/google\"]",
      "instances": [
        {
          "schema_version": 2,
          "attributes": {
            "addons_config": [
              {
                "cloudrun_config": [],
                "config_connector_config": [],
                "dns_cache_config": [],
                "gce_persistent_disk_csi_driver_config": [
                  {
                    "enabled": true
                  }
                ],
                "gcp_filestore_csi_driver_config": [],
                "gcs_fuse_csi_driver_config": [],
                "gke_backup_agent_config": [],
                "horizontal_pod_autoscaling": [
                  {
                    "disabled": false
                  }
                ],
                "http_load_balancing": [
                  {
                    "disabled": true
                  }
                ],
                "network_policy_config": [
                  {
                    "disabled": true
                  }
                ]
              }
            ],
            "allow_net_admin": null,
            "authenticator_groups_config": [],
            "binary_authorization": [
              {
                "enabled": false,
                "evaluation_mode": ""
              }
            ],
            "cluster_autoscaling": [
              {
                "auto_provisioning_defaults": [],
                "autoscaling_profile": "BALANCED",
                "enabled": false,
                "resource_limits": []
              }
            ],
            "cluster_ipv4_cidr": "10.16.0.0/14",
            "confidential_nodes": [],
            "cost_management_config": [],
            "database_encryption": [
              {
                "key_name": "",
                "state": "DECRYPTED"
              }
            ],
            "datapath_provider": "",
            "default_max_pods_per_node": 110,
            "default_snat_status": [
              {
                "disabled": false
              }
            ],
            "deletion_protection": false,
            "description": "",
            "dns_config": [],
            "enable_autopilot": false,
            "enable_intranode_visibility": false,
            "enable_k8s_beta_apis": [],
            "enable_kubernetes_alpha": false,
            "enable_l4_ilb_subsetting": false,
            "enable_legacy_abac": false,
            "enable_shielded_nodes": true,
            "enable_tpu": false,
            "endpoint": "34.28.89.62",
            "fleet": [],
            "gateway_api_config": [],
            "id": "projects/nodejs-412602/locations/us-central1/clusters/my-gke-cluster",
            "identity_service_config": [],
            "initial_node_count": 1,
            "ip_allocation_policy": [
              {
                "additional_pod_ranges_config": [],
                "cluster_ipv4_cidr_block": "10.16.0.0/14",
                "cluster_secondary_range_name": "gke-my-gke-cluster-pods-37dce97a",
                "pod_cidr_overprovision_config": [
                  {
                    "disabled": false
                  }
                ],
                "services_ipv4_cidr_block": "10.20.0.0/20",
                "services_secondary_range_name": "gke-my-gke-cluster-services-37dce97a",
                "stack_type": "IPV4"
              }
            ],
            "label_fingerprint": "a9dc16a7",
            "location": "us-central1",
            "logging_config": [
              {
                "enable_components": [
                  "SYSTEM_COMPONENTS",
                  "WORKLOADS"
                ]
              }
            ],
            "logging_service": "logging.googleapis.com/kubernetes",
            "maintenance_policy": [],
            "master_auth": [
              {
                "client_certificate": "",
                "client_certificate_config": [
                  {
                    "issue_client_certificate": false
                  }
                ],
                "client_key": "",
                "cluster_ca_certificate": "LS0tLS1CRUdJTiBDRVJUSUZJQ0FURS0tLS0tCk1JSUVMVENDQXBXZ0F3SUJBZ0lSQU40dEJLbDluUzV2cGpIK2VwS2FLMjh3RFFZSktvWklodmNOQVFFTEJRQXcKTHpFdE1Dc0dBMVVFQXhNa09HRXhOVGRsTjJFdE5qRXlOeTAwTVdVNUxUa3lPV010WlROaFlXUXhNamd5TVdZMQpNQ0FYRFRJME1ERXlPVEF3TVRFek5Gb1lEekl3TlRRd01USXhNREV4TVRNMFdqQXZNUzB3S3dZRFZRUURFeVE0CllURTFOMlUzWVMwMk1USTNMVFF4WlRrdE9USTVZeTFsTTJGaFpERXlPREl4WmpVd2dnR2lNQTBHQ1NxR1NJYjMKRFFFQkFRVUFBNElCandBd2dnR0tBb0lCZ1FESG1NK05RbzVYdmJyajJqcXROL25kamxQeVoxRlBrYjNFbU5mSgo4Rm1TVEpYdWhyS0ZSem1TK0VadTE1WkNta0hDSFVPaHNvVno4dXVzNHdVRDVLNUNQWDg3UElZNnZoRy9hWjg1CkdQUTllYjJiYUJHTFJ5NDVVaEhBbFdZTjBSL2J6N2lOczNVbHNlWnJmQ09panNVVHJsNlJiS1BUVEJlaUk5Sy8KdjNrOVM5SHZ1OHB2aWsvOE9nRyt6Y0c3UEhjeXF4bkd6MHhnV1YxNXduUXFjV1QyZXZEcXBDcTAraDhBakpIQwp1NXE4RmN2bE5veVd6b3dmYTRjeHR2RUhZQWtZN2N4eTJSMnRVckVSUHM3V0hSL0xQTnNkY012VllKeE81SDNXCk12eURENTNlNnhSa2xmS0NWSC8rcFZibjRKTjE4S0hCUDNIeXhJOVhrdUVkU3gxRVVIMFJlcUJuK3dOcGgvUlYKeWx5TjRyWWRrQndZeHZXMzBoYmpqN1ZSaXRqeUo5K0ltdUJEcVlxdEovR29NSVJJRlNUcUdZaEYwcFNveEJ4ZApQekJRT0draEJPZGRyaFdHMk83M3F6MGpmeGtoQW9qTkYyY0M1Tk1jVWZ4Q2hUeXhFSWpuRUNjL3IyOUZUcGdHCjZZdDZaaDFaMFVjMCtJR1lIOTcvdVNsU1prRUNBd0VBQWFOQ01FQXdEZ1lEVlIwUEFRSC9CQVFEQWdJRU1BOEcKQTFVZEV3RUIvd1FGTUFNQkFmOHdIUVlEVlIwT0JCWUVGRHYxb2xPQmlkTmhXTEptNWxlNDIvMnRKVXRhTUEwRwpDU3FHU0liM0RRRUJDd1VBQTRJQmdRQ2F1TVVOTGFEWUZVMitCemJKVndLWlVJNFRwUEZRdWEzOURETUtYTjBlCnE5N0IyNllRc1k5UzlRbzE5VE5pcEkwTXh1ZGdjVXNZQWJwT0NyUFN4ZGFNcUxHdnVTMUxCRmM5TlEwc2Fya2oKTEduUTZOaVA5OHJQN1lOUThJdUFWcXhPblRvK09wcGtFRU9JUW8wZEdST2RHZ1pPeDlWNDZPK3R1Qmt2blhOWQpUT0tKMS9rSkNHNWpKNHJDaGZNMDBrVHQ2SnlwendibGxGeDdDcUZpVkpSdzdveXpSYVNtSjl5d2N4ZTlxdkZxCis0Qm44SWwzTUprQW1BWlIyWm9rd3A2cDhEdS9LVnB6akVMMzRaZStlTnlxdHh1WUZQRlhNSzY3eUFEMG1nMkMKNTVnQ1VEK2tpV1grakdpYkczMTVhb1JLMDN3U05LK1NOU0FHRkdNTHVub2pqc3NIU3lYY0M3R2ZqOFdEVWxqYQowSm5SVzVPbUVka0pLNnQwSi9EVFJ6VENYYy8vN0w1NlQxVUZGQjhLeE1OQWg2anFxUUUxT2dHQWtjSkc3SmhXClNrdGxSRlJUb3J5MUNCNEtQNGEwWFRUSytwMjZPelZadXpQYkxVTnB6TG4zcmhPVEhxSUxCcXlKWWtRWkM3a00Kd3c2M3p4RmRobC9QYlJFQXhoSEU3VjQ9Ci0tLS0tRU5EIENFUlRJRklDQVRFLS0tLS0K"
              }
            ],
            "master_authorized_networks_config": [],
            "master_version": "1.27.3-gke.100",
            "mesh_certificates": [],
            "min_master_version": null,
            "monitoring_config": [
              {
                "advanced_datapath_observability_config": [
                  {
                    "enable_metrics": false,
                    "relay_mode": ""
                  }
                ],
                "enable_components": [
                  "SYSTEM_COMPONENTS"
                ],
                "managed_prometheus": [
                  {
                    "enabled": true
                  }
                ]
              }
            ],
            "monitoring_service": "monitoring.googleapis.com/kubernetes",
            "name": "my-gke-cluster",
            "network": "projects/nodejs-412602/global/networks/default",
            "network_policy": [
              {
                "enabled": false,
                "provider": "PROVIDER_UNSPECIFIED"
              }
            ],
            "networking_mode": "VPC_NATIVE",
            "node_config": [],
            "node_locations": [
              "us-central1-c"
            ],
            "node_pool": [],
            "node_pool_auto_config": [],
            "node_pool_defaults": [
              {
                "node_config_defaults": [
                  {
                    "logging_variant": "DEFAULT"
                  }
                ]
              }
            ],
            "node_version": "1.27.3-gke.100",
            "notification_config": [
              {
                "pubsub": [
                  {
                    "enabled": false,
                    "filter": [],
                    "topic": ""
                  }
                ]
              }
            ],
            "operation": null,
            "private_cluster_config": [
              {
                "enable_private_endpoint": false,
                "enable_private_nodes": false,
                "master_global_access_config": [
                  {
                    "enabled": false
                  }
                ],
                "master_ipv4_cidr_block": "",
                "peering_name": "",
                "private_endpoint": "10.128.0.9",
                "private_endpoint_subnetwork": "",
                "public_endpoint": "34.28.89.62"
              }
            ],
            "private_ipv6_google_access": "",
            "project": "nodejs-412602",
            "release_channel": [
              {
                "channel": "REGULAR"
              }
            ],
            "remove_default_node_pool": true,
            "resource_labels": {},
            "resource_usage_export_config": [],
            "security_posture_config": [
              {
                "mode": "BASIC",
                "vulnerability_mode": "VULNERABILITY_MODE_UNSPECIFIED"
              }
            ],
            "self_link": "https://container.googleapis.com/v1/projects/nodejs-412602/locations/us-central1/clusters/my-gke-cluster",
            "service_external_ips_config": [
              {
                "enabled": false
              }
            ],
            "services_ipv4_cidr": "10.20.0.0/20",
            "subnetwork": "projects/nodejs-412602/regions/us-central1/subnetworks/default",
            "timeouts": null,
            "tpu_ipv4_cidr_block": "",
            "vertical_pod_autoscaling": [],
            "workload_identity_config": []
          },
          "sensitive_attributes": [],
          "private": "eyJlMmJmYjczMC1lY2FhLTExZTYtOGY4OC0zNDM2M2JjN2M0YzAiOnsiY3JlYXRlIjoyNDAwMDAwMDAwMDAwLCJkZWxldGUiOjI0MDAwMDAwMDAwMDAsInJlYWQiOjI0MDAwMDAwMDAwMDAsInVwZGF0ZSI6MzYwMDAwMDAwMDAwMH0sInNjaGVtYV92ZXJzaW9uIjoiMiJ9"
        }
      ]
    },
    {
      "mode": "managed",
      "type": "google_container_node_pool",
      "name": "primary_preemtible_node",
      "provider": "provider[\"registry.terraform.io/hashicorp/google\"]",
      "instances": [
        {
          "schema_version": 1,
          "attributes": {
            "autoscaling": [],
            "cluster": "my-gke-cluster",
            "id": "projects/nodejs-412602/locations/us-central1/clusters/my-gke-cluster/nodePools/my-node-pool",
            "initial_node_count": 1,
            "instance_group_urls": [
              "https://www.googleapis.com/compute/v1/projects/nodejs-412602/zones/us-central1-c/instanceGroupManagers/gke-my-gke-cluster-my-node-pool-5b5e6f9b-grp"
            ],
            "location": "us-central1",
            "managed_instance_group_urls": [
              "https://www.googleapis.com/compute/v1/projects/nodejs-412602/zones/us-central1-c/instanceGroups/gke-my-gke-cluster-my-node-pool-5b5e6f9b-grp"
            ],
            "management": [
              {
                "auto_repair": true,
                "auto_upgrade": true
              }
            ],
            "max_pods_per_node": 110,
            "name": "my-node-pool",
            "name_prefix": "",
            "network_config": [
              {
                "create_pod_range": false,
                "enable_private_nodes": false,
                "network_performance_config": [],
                "pod_cidr_overprovision_config": [],
                "pod_ipv4_cidr_block": "10.16.0.0/14",
                "pod_range": "gke-my-gke-cluster-pods-37dce97a"
              }
            ],
            "node_config": [
              {
                "advanced_machine_features": [],
                "boot_disk_kms_key": "",
                "confidential_nodes": [],
                "disk_size_gb": 100,
                "disk_type": "pd-balanced",
                "effective_taints": [],
                "ephemeral_storage_local_ssd_config": [],
                "fast_socket": [],
                "gcfs_config": [],
                "guest_accelerator": [],
                "gvnic": [],
                "host_maintenance_policy": [],
                "image_type": "COS_CONTAINERD",
                "kubelet_config": [],
                "labels": {
                  "foo": "value"
                },
                "linux_node_config": [],
                "local_nvme_ssd_block_config": [],
                "local_ssd_count": 0,
                "logging_variant": "DEFAULT",
                "machine_type": "n1-standard-2",
                "metadata": {
                  "disable-legacy-endpoints": "true"
                },
                "min_cpu_platform": "",
                "node_group": "",
                "oauth_scopes": [
                  "https://www.googleapis.com/auth/devstorage.read_only",
                  "https://www.googleapis.com/auth/logging.write",
                  "https://www.googleapis.com/auth/monitoring",
                  "https://www.googleapis.com/auth/service.management.readonly",
                  "https://www.googleapis.com/auth/servicecontrol",
                  "https://www.googleapis.com/auth/trace.append"
                ],
                "preemptible": true,
                "reservation_affinity": [],
                "resource_labels": null,
                "service_account": "default",
                "shielded_instance_config": [
                  {
                    "enable_integrity_monitoring": true,
                    "enable_secure_boot": false
                  }
                ],
                "sole_tenant_config": [],
                "spot": false,
                "tags": null,
                "taint": [],
                "workload_metadata_config": []
              }
            ],
            "node_count": 1,
            "node_locations": [
              "us-central1-c"
            ],
            "operation": null,
            "placement_policy": [],
            "project": "nodejs-412602",
            "timeouts": null,
            "upgrade_settings": [
              {
                "blue_green_settings": [],
                "max_surge": 1,
                "max_unavailable": 0,
                "strategy": "SURGE"
              }
            ],
            "version": "1.27.3-gke.100"
          },
          "sensitive_attributes": [],
          "private": "eyJlMmJmYjczMC1lY2FhLTExZTYtOGY4OC0zNDM2M2JjN2M0YzAiOnsiY3JlYXRlIjoxODAwMDAwMDAwMDAwLCJkZWxldGUiOjE4MDAwMDAwMDAwMDAsInVwZGF0ZSI6MTgwMDAwMDAwMDAwMH0sInNjaGVtYV92ZXJzaW9uIjoiMSJ9"
        }
      ]
    }
  ],
  "check_results": null
}
